<?xml version="1.0" encoding="utf-8"?>
<Project ToolsVersion="4.0" xmlns="http://schemas.microsoft.com/developer/msbuild/2003">
  <ItemGroup>
    <FxCompile Include="DebugShader.hlsl" />
    <FxCompile Include="DepthShader.hlsl" />
    <FxCompile Include="Shaders\DeferredPixelShader.hlsl" />
    <FxCompile Include="Shaders\DeferredVertexShader.hlsl" />
    <FxCompile Include="Shaders\DirPixelShader.hlsl" />
    <FxCompile Include="Shaders\DirVertexShader.hlsl" />
    <FxCompile Include="Shaders\GammaCorrection.hlsl" />
    <FxCompile Include="Shaders\MyVeryFirstShader.hlsl" />
    <FxCompile Include="Shaders\particles\Emit.hlsl" />
    <FxCompile Include="Shaders\particles\InitSort.hlsl" />
    <FxCompile Include="Shaders\particles\Render.hlsl" />
    <FxCompile Include="Shaders\particles\Reset.hlsl" />
    <FxCompile Include="Shaders\particles\Simulate.hlsl" />
    <FxCompile Include="Shaders\particles\Sort.hlsl" />
    <FxCompile Include="Shaders\particles\Sort512.hlsl" />
    <FxCompile Include="Shaders\particles\SortInner.hlsl" />
    <FxCompile Include="Shaders\particles\SortStep2.hlsl" />
    <FxCompile Include="Shaders\PointPixelShader.hlsl" />
    <FxCompile Include="Shaders\PointVertexShader.hlsl" />
    <FxCompile Include="Shaders\SpotPixelShader.hlsl" />
    <FxCompile Include="Shaders\SpotVertexShader.hlsl" />
    <FxCompile Include="SimpleTexturedDirectx11\DebugLineVertexShader.hlsl" />
    <FxCompile Include="SimpleTexturedDirectx11\DebugLinePixelShader.hlsl" />
    <FxCompile Include="SimpleTexturedDirectx11\PixelShader.hlsl" />
    <FxCompile Include="SimpleTexturedDirectx11\VertexShader.hlsl" />
  </ItemGroup>
  <ItemGroup>
    <ClCompile Include="AIComponent.cpp" />
    <ClCompile Include="AnimationComponent.cpp" />
    <ClCompile Include="Blackboard.cpp" />
    <ClCompile Include="BTNode.cpp" />
    <ClCompile Include="AudioSystem.cpp" />
    <ClCompile Include="CharacterControllerComponent.cpp" />
    <ClCompile Include="CubeComponent.cpp" />
    <ClCompile Include="Component.cpp" />
    <ClCompile Include="DeferredRenderingSystem.cpp" />
    <ClCompile Include="Delegates.cpp" />
    <ClCompile Include="DisplayWin32.cpp" />
    <ClCompile Include="DynamicPhysicsComponent.cpp" />
    <ClCompile Include="Game.cpp" />
    <ClCompile Include="GameObject.cpp" />
    <ClCompile Include="InputDevice.cpp" />
    <ClCompile Include="KatamariComponent.cpp" />
    <ClCompile Include="Logger.cpp" />
    <ClCompile Include="miniaudio.c" />
    <ClCompile Include="ModelComponent.cpp" />
    <ClCompile Include="PhysicsComponent.cpp" />
    <ClCompile Include="PhysicsSystem.cpp" />
    <ClCompile Include="qu3e\broadphase\q3BroadPhase.cpp" />
    <ClCompile Include="qu3e\broadphase\q3DynamicAABBTree.cpp" />
    <ClCompile Include="qu3e\collision\q3Box.cpp" />
    <ClCompile Include="qu3e\collision\q3Collide.cpp" />
    <ClCompile Include="qu3e\common\q3Geometry.cpp" />
    <ClCompile Include="qu3e\common\q3Memory.cpp" />
    <ClCompile Include="qu3e\dynamics\q3Body.cpp" />
    <ClCompile Include="qu3e\dynamics\q3Contact.cpp" />
    <ClCompile Include="qu3e\dynamics\q3ContactManager.cpp" />
    <ClCompile Include="qu3e\dynamics\q3ContactSolver.cpp" />
    <ClCompile Include="qu3e\dynamics\q3Island.cpp" />
    <ClCompile Include="qu3e\math\q3Mat3.cpp" />
    <ClCompile Include="qu3e\math\q3Quaternion.cpp" />
    <ClCompile Include="qu3e\math\q3Vec3.cpp" />
    <ClCompile Include="qu3e\scene\q3Scene.cpp" />
    <ClCompile Include="ScriptingEngine.cpp" />
    <ClCompile Include="MySuper3DApp.cpp" />
    <ClCompile Include="ParticleSystemComponent.cpp" />
    <ClCompile Include="PointLightComponent.cpp" />
    <ClCompile Include="Renderer.cpp" />
    <ClCompile Include="RenderingSystem.cpp" />
    <ClCompile Include="SimpleTexturedDirectx11\ModelLoader.cpp" />
    <ClCompile Include="SimpleTexturedDirectx11\SceneLoader.cpp" />
    <ClCompile Include="SimpleTexturedDirectx11\TextureLoader.cpp" />
    <ClCompile Include="BulletComponent.cpp" />
    <ClCompile Include="Transform.cpp" />
    <ClCompile Include="SimpleFloatingEnemyAI.cpp" />
    <ClCompile Include="AdvancedEnemyAI.cpp" />
  </ItemGroup>
  <ItemGroup>
    <ClInclude Include="AIComponent.h" />
    <ClInclude Include="AnimationComponent.h" />
    <ClInclude Include="Blackboard.h" />
    <ClInclude Include="BTAction.h" />
    <ClInclude Include="BTCompositeNode.h" />
    <ClInclude Include="BTCondition.h" />
    <ClInclude Include="BTDecorator.h" />
    <ClInclude Include="BTInverter.h" />
    <ClInclude Include="BTNode.h" />
    <ClInclude Include="BTNodeState.h" />
    <ClInclude Include="BTParallel.h" />
    <ClInclude Include="BTRepeat.h" />
    <ClInclude Include="BTRetryUntilSuccess.h" />
    <ClInclude Include="BTSelector.h" />
    <ClInclude Include="BTSequence.h" />
    <ClInclude Include="AudioSystem.h" />
    <ClInclude Include="CascadeData.h" />
    <ClInclude Include="CharacterControllerComponent.h" />
    <ClInclude Include="CubeComponent.h" />
    <ClInclude Include="Component.h" />
    <ClInclude Include="DeferredRenderingSystem.h" />
    <ClInclude Include="Delegates.h" />
    <ClInclude Include="DisplayWin32.h" />
    <ClInclude Include="DynamicPhysicsComponent.h" />
    <ClInclude Include="Game.h" />
    <ClInclude Include="GameObject.h" />
    <ClInclude Include="InputDevice.h" />
    <ClInclude Include="KatamariComponent.h" />
    <ClInclude Include="Keys.h" />
    <ClInclude Include="Logger.hpp" />
    <ClInclude Include="miniaudio.h" />
    <ClInclude Include="MarshalledVector3.hpp" />
    <ClInclude Include="ModelComponent.h" />
    <ClInclude Include="NativeBridge.hpp" />
    <ClInclude Include="ScriptingComponent.hpp" />
    <ClInclude Include="PhysicsComponent.h" />
    <ClInclude Include="PhysicsSystem.h" />
    <ClInclude Include="qu3e\broadphase\q3BroadPhase.h" />
    <ClInclude Include="qu3e\broadphase\q3DynamicAABBTree.h" />
    <ClInclude Include="qu3e\collision\q3Box.h" />
    <ClInclude Include="qu3e\collision\q3Collide.h" />
    <ClInclude Include="qu3e\common\q3Geometry.h" />
    <ClInclude Include="qu3e\common\q3Memory.h" />
    <ClInclude Include="qu3e\common\q3Settings.h" />
    <ClInclude Include="qu3e\common\q3Types.h" />
    <ClInclude Include="qu3e\dynamics\q3Body.h" />
    <ClInclude Include="qu3e\dynamics\q3Contact.h" />
    <ClInclude Include="qu3e\dynamics\q3ContactManager.h" />
    <ClInclude Include="qu3e\dynamics\q3ContactSolver.h" />
    <ClInclude Include="qu3e\dynamics\q3Island.h" />
    <ClInclude Include="qu3e\math\q3Mat3.h" />
    <ClInclude Include="qu3e\math\q3Math.h" />
    <ClInclude Include="qu3e\math\q3Quaternion.h" />
    <ClInclude Include="qu3e\math\q3Transform.h" />
    <ClInclude Include="qu3e\math\q3Vec3.h" />
    <ClInclude Include="qu3e\q3.h" />
    <ClInclude Include="qu3e\scene\q3Scene.h" />
    <ClInclude Include="ScriptingEngine.h" />
    <ClInclude Include="OffsetColor.h" />
    <ClInclude Include="ParticleSystemComponent.h" />
    <ClInclude Include="PointLightComponent.h" />
    <ClInclude Include="Renderer.h" />
    <ClInclude Include="RenderingSystem.h" />
    <ClInclude Include="ScriptingComponentLayout.hpp" />
    <ClInclude Include="ScriptingTransformComponent.hpp" />
    <ClInclude Include="ScriptingTransformLayout.hpp" />
    <ClInclude Include="SimpleTexturedDirectx11\Mesh.h" />
    <ClInclude Include="SimpleTexturedDirectx11\ModelLoader.h" />
    <ClInclude Include="SimpleTexturedDirectx11\SafeRelease.hpp" />
    <ClInclude Include="SimpleTexturedDirectx11\SceneLoader.h" />
    <ClInclude Include="SimpleTexturedDirectx11\TextureLoader.h" />
    <ClInclude Include="BulletComponent.h" />
    <ClInclude Include="FrustumCulling.h" />
    <ClInclude Include="Transform.h" />
    <ClInclude Include="UtilityAction.h" />
    <ClInclude Include="UtilityConsideration.h" />
    <ClInclude Include="UtilitySelector.h" />
    <ClInclude Include="SimpleFloatingEnemyAI.h" />
    <ClInclude Include="AdvancedEnemyAI.h" />
    <ClInclude Include="BTSerializer.h" />
  </ItemGroup>
  <ItemGroup>
    <CopyFileToFolders Include="Models\soccer_ball.mtl" />
    <CopyFileToFolders Include="Models\ground.mtl" />
    <CopyFileToFolders Include="Models\steve.mtl" />
    <CopyFileToFolders Include="Models\tree.mtl" />
    <CopyFileToFolders Include="Models\chair01.mtl" />
    <CopyFileToFolders Include="Models\untitled.glb" />
    <CopyFileToFolders Include="Models\chair01.obj" />
    <CopyFileToFolders Include="Models\soccer_ball.obj" />
    <CopyFileToFolders Include="Models\chair01_AO.png" />
    <CopyFileToFolders Include="Models\chair01_BaseColor.png" />
    <CopyFileToFolders Include="Models\chair01_Metallic.png" />
    <CopyFileToFolders Include="Models\chair01_Normal.png" />
    <CopyFileToFolders Include="Models\chair01_Roughness.png" />
    <CopyFileToFolders Include="Models\soccer_ball_diffuse.bmp" />
    <CopyFileToFolders Include="Models\ground.obj" />
    <CopyFileToFolders Include="Models\green-grass-1024x1024.png" />
    <CopyFileToFolders Include="Models\steve.png" />
    <CopyFileToFolders Include="Models\steve.obj" />
    <CopyFileToFolders Include="Models\BARK.jpg" />
    <CopyFileToFolders Include="Models\Tree_Branch.png" />
    <CopyFileToFolders Include="Models\tree.obj" />
    <CopyFileToFolders Include="Models\soccer_ball_diffuse.tif" />
    <CopyFileToFolders Include="shoot.wav" />
    <CopyFileToFolders Include="Sounds\jump.wav" />
    <CopyFileToFolders Include="Sounds\collect.wav" />
  </ItemGroup>
  <ItemGroup>
    <None Include="packages.config" />
  </ItemGroup>
</Project>