
Microsoft Visual Studio Solution File, Format Version 12.00
# Visual Studio Version 17
VisualStudioVersion = 17.14.36811.4 d17.14
MinimumVisualStudioVersion = 10.0.40219.1
Project("{FAE04EC0-301F-11D3-BF4B-00C04F79EFBC}") = "Scripting", "Scripting.csproj", "{1207DBE2-57B4-4C04-8C97-26E9F271B667}"
EndProject
Global
	GlobalSection(SolutionConfigurationPlatforms) = preSolution
		Debug|Any CPU = Debug|Any CPU
		Release|Any CPU = Release|Any CPU
	EndGlobalSection
	GlobalSection(ProjectConfigurationPlatforms) = postSolution
		{1207DBE2-57B4-4C04-8C97-26E9F271B667}.Debug|Any CPU.ActiveCfg = Debug|Any CPU
		{1207DBE2-57B4-4C04-8C97-26E9F271B667}.Debug|Any CPU.Build.0 = Debug|Any CPU
		{1207DBE2-57B4-4C04-8C97-26E9F271B667}.Release|Any CPU.ActiveCfg = Release|Any CPU
		{1207DBE2-57B4-4C04-8C97-26E9F271B667}.Release|Any CPU.Build.0 = Release|Any CPU
	EndGlobalSection
	GlobalSection(SolutionProperties) = preSolution
		HideSolutionNode = FALSE
	EndGlobalSection
	GlobalSection(ExtensibilityGlobals) = postSolution
		SolutionGuid = {AEE81849-654B-4D4F-963C-7BDE4870835B}
	EndGlobalSection
EndGlobal
